
Microsoft Visual Studio Solution File, Format Version 12.00
# Visual Studio 15
VisualStudioVersion = 15.0.28307.757
MinimumVisualStudioVersion = 10.0.40219.1
Project("{FAE04EC0-301F-11D3-BF4B-00C04F79EFBC}") = "ProceduralDungeon1", "ProceduralDungeon1\ProceduralDungeon1.csproj", "{C20B83FB-E5F2-42A0-B6C2-0448EAF6599D}"
EndProject
Global
	GlobalSection(SolutionConfigurationPlatforms) = preSolution
		Debug|Any CPU = Debug|Any CPU
		Release|Any CPU = Release|Any CPU
	EndGlobalSection
	GlobalSection(ProjectConfigurationPlatforms) = postSolution
		{C20B83FB-E5F2-42A0-B6C2-0448EAF6599D}.Debug|Any CPU.ActiveCfg = Debug|Any CPU
		{C20B83FB-E5F2-42A0-B6C2-0448EAF6599D}.Debug|Any CPU.Build.0 = Debug|Any CPU
		{C20B83FB-E5F2-42A0-B6C2-0448EAF6599D}.Release|Any CPU.ActiveCfg = Release|Any CPU
		{C20B83FB-E5F2-42A0-B6C2-0448EAF6599D}.Release|Any CPU.Build.0 = Release|Any CPU
	EndGlobalSection
	GlobalSection(SolutionProperties) = preSolution
		HideSolutionNode = FALSE
	EndGlobalSection
	GlobalSection(ExtensibilityGlobals) = postSolution
		SolutionGuid = {BC9BDA74-D631-4F58-8D41-309A0B660415}
	EndGlobalSection
EndGlobal
